
Microsoft Visual Studio Solution File, Format Version 12.00
# Visual Studio Version 16
VisualStudioVersion = 16.0.30907.101
MinimumVisualStudioVersion = 10.0.40219.1
Project("{FAE04EC0-301F-11D3-BF4B-00C04F79EFBC}") = "Mass16Lab", "Mass16Lab.csproj", "{F994A75B-8040-402A-B6A6-EDD41DF07592}"
EndProject
Global
	GlobalSection(SolutionConfigurationPlatforms) = preSolution
		Debug|Any CPU = Debug|Any CPU
		Release|Any CPU = Release|Any CPU
	EndGlobalSection
	GlobalSection(ProjectConfigurationPlatforms) = postSolution
		{F994A75B-8040-402A-B6A6-EDD41DF07592}.Debug|Any CPU.ActiveCfg = Debug|Any CPU
		{F994A75B-8040-402A-B6A6-EDD41DF07592}.Debug|Any CPU.Build.0 = Debug|Any CPU
		{F994A75B-8040-402A-B6A6-EDD41DF07592}.Release|Any CPU.ActiveCfg = Release|Any CPU
		{F994A75B-8040-402A-B6A6-EDD41DF07592}.Release|Any CPU.Build.0 = Release|Any CPU
	EndGlobalSection
	GlobalSection(SolutionProperties) = preSolution
		HideSolutionNode = FALSE
	EndGlobalSection
	GlobalSection(ExtensibilityGlobals) = postSolution
		SolutionGuid = {99DDCA8C-B817-474A-9474-91AA8F4C329E}
	EndGlobalSection
EndGlobal
