
Microsoft Visual Studio Solution File, Format Version 12.00
# Visual Studio Version 16
VisualStudioVersion = 16.0.30907.101
MinimumVisualStudioVersion = 10.0.40219.1
Project("{FAE04EC0-301F-11D3-BF4B-00C04F79EFBC}") = "ConsoleApp1", "ConsoleApp1.csproj", "{D8846DB1-1820-409E-BAB0-2F5B2D52B890}"
EndProject
Global
	GlobalSection(SolutionConfigurationPlatforms) = preSolution
		Debug|Any CPU = Debug|Any CPU
		Release|Any CPU = Release|Any CPU
	EndGlobalSection
	GlobalSection(ProjectConfigurationPlatforms) = postSolution
		{D8846DB1-1820-409E-BAB0-2F5B2D52B890}.Debug|Any CPU.ActiveCfg = Debug|Any CPU
		{D8846DB1-1820-409E-BAB0-2F5B2D52B890}.Debug|Any CPU.Build.0 = Debug|Any CPU
		{D8846DB1-1820-409E-BAB0-2F5B2D52B890}.Release|Any CPU.ActiveCfg = Release|Any CPU
		{D8846DB1-1820-409E-BAB0-2F5B2D52B890}.Release|Any CPU.Build.0 = Release|Any CPU
	EndGlobalSection
	GlobalSection(SolutionProperties) = preSolution
		HideSolutionNode = FALSE
	EndGlobalSection
	GlobalSection(ExtensibilityGlobals) = postSolution
		SolutionGuid = {CCBC3DAB-3E38-4EAC-B041-76EBDC91A994}
	EndGlobalSection
EndGlobal
