
Microsoft Visual Studio Solution File, Format Version 12.00
# Visual Studio Version 16
VisualStudioVersion = 16.0.30907.101
MinimumVisualStudioVersion = 10.0.40219.1
Project("{FAE04EC0-301F-11D3-BF4B-00C04F79EFBC}") = "Класи1", "Класи1.csproj", "{FC11D878-2385-4F95-8116-F3B4A35C8341}"
EndProject
Global
	GlobalSection(SolutionConfigurationPlatforms) = preSolution
		Debug|Any CPU = Debug|Any CPU
		Release|Any CPU = Release|Any CPU
	EndGlobalSection
	GlobalSection(ProjectConfigurationPlatforms) = postSolution
		{FC11D878-2385-4F95-8116-F3B4A35C8341}.Debug|Any CPU.ActiveCfg = Debug|Any CPU
		{FC11D878-2385-4F95-8116-F3B4A35C8341}.Debug|Any CPU.Build.0 = Debug|Any CPU
		{FC11D878-2385-4F95-8116-F3B4A35C8341}.Release|Any CPU.ActiveCfg = Release|Any CPU
		{FC11D878-2385-4F95-8116-F3B4A35C8341}.Release|Any CPU.Build.0 = Release|Any CPU
	EndGlobalSection
	GlobalSection(SolutionProperties) = preSolution
		HideSolutionNode = FALSE
	EndGlobalSection
	GlobalSection(ExtensibilityGlobals) = postSolution
		SolutionGuid = {4598DE25-A196-4789-9414-A84B8E9DAD42}
	EndGlobalSection
EndGlobal
