
Microsoft Visual Studio Solution File, Format Version 12.00
# Visual Studio Version 16
VisualStudioVersion = 16.0.30907.101
MinimumVisualStudioVersion = 10.0.40219.1
Project("{FAE04EC0-301F-11D3-BF4B-00C04F79EFBC}") = "Lab15(5)", "Lab15(5).csproj", "{C3F8CDCD-0A42-48A6-A2B1-3086FFFFD156}"
EndProject
Global
	GlobalSection(SolutionConfigurationPlatforms) = preSolution
		Debug|Any CPU = Debug|Any CPU
		Release|Any CPU = Release|Any CPU
	EndGlobalSection
	GlobalSection(ProjectConfigurationPlatforms) = postSolution
		{C3F8CDCD-0A42-48A6-A2B1-3086FFFFD156}.Debug|Any CPU.ActiveCfg = Debug|Any CPU
		{C3F8CDCD-0A42-48A6-A2B1-3086FFFFD156}.Debug|Any CPU.Build.0 = Debug|Any CPU
		{C3F8CDCD-0A42-48A6-A2B1-3086FFFFD156}.Release|Any CPU.ActiveCfg = Release|Any CPU
		{C3F8CDCD-0A42-48A6-A2B1-3086FFFFD156}.Release|Any CPU.Build.0 = Release|Any CPU
	EndGlobalSection
	GlobalSection(SolutionProperties) = preSolution
		HideSolutionNode = FALSE
	EndGlobalSection
	GlobalSection(ExtensibilityGlobals) = postSolution
		SolutionGuid = {F146C6CB-60E3-4768-8D53-E48AF3E16D71}
	EndGlobalSection
EndGlobal
