
Microsoft Visual Studio Solution File, Format Version 12.00
# Visual Studio Version 16
VisualStudioVersion = 16.0.30907.101
MinimumVisualStudioVersion = 10.0.40219.1
Project("{FAE04EC0-301F-11D3-BF4B-00C04F79EFBC}") = "Notched_Massive", "Notched_Massive.csproj", "{991FE829-ABDB-4927-ABF8-98BAEE1346E8}"
EndProject
Global
	GlobalSection(SolutionConfigurationPlatforms) = preSolution
		Debug|Any CPU = Debug|Any CPU
		Release|Any CPU = Release|Any CPU
	EndGlobalSection
	GlobalSection(ProjectConfigurationPlatforms) = postSolution
		{991FE829-ABDB-4927-ABF8-98BAEE1346E8}.Debug|Any CPU.ActiveCfg = Debug|Any CPU
		{991FE829-ABDB-4927-ABF8-98BAEE1346E8}.Debug|Any CPU.Build.0 = Debug|Any CPU
		{991FE829-ABDB-4927-ABF8-98BAEE1346E8}.Release|Any CPU.ActiveCfg = Release|Any CPU
		{991FE829-ABDB-4927-ABF8-98BAEE1346E8}.Release|Any CPU.Build.0 = Release|Any CPU
	EndGlobalSection
	GlobalSection(SolutionProperties) = preSolution
		HideSolutionNode = FALSE
	EndGlobalSection
	GlobalSection(ExtensibilityGlobals) = postSolution
		SolutionGuid = {28F069C3-B658-467A-8D4B-692F3DBD3892}
	EndGlobalSection
EndGlobal
