
Microsoft Visual Studio Solution File, Format Version 12.00
# Visual Studio Version 16
VisualStudioVersion = 16.0.30907.101
MinimumVisualStudioVersion = 10.0.40219.1
Project("{FAE04EC0-301F-11D3-BF4B-00C04F79EFBC}") = "Lab4(1)", "Lab4(1).csproj", "{52418999-1B1C-485F-814B-C2BB953B4F0A}"
EndProject
Global
	GlobalSection(SolutionConfigurationPlatforms) = preSolution
		Debug|Any CPU = Debug|Any CPU
		Release|Any CPU = Release|Any CPU
	EndGlobalSection
	GlobalSection(ProjectConfigurationPlatforms) = postSolution
		{52418999-1B1C-485F-814B-C2BB953B4F0A}.Debug|Any CPU.ActiveCfg = Debug|Any CPU
		{52418999-1B1C-485F-814B-C2BB953B4F0A}.Debug|Any CPU.Build.0 = Debug|Any CPU
		{52418999-1B1C-485F-814B-C2BB953B4F0A}.Release|Any CPU.ActiveCfg = Release|Any CPU
		{52418999-1B1C-485F-814B-C2BB953B4F0A}.Release|Any CPU.Build.0 = Release|Any CPU
	EndGlobalSection
	GlobalSection(SolutionProperties) = preSolution
		HideSolutionNode = FALSE
	EndGlobalSection
	GlobalSection(ExtensibilityGlobals) = postSolution
		SolutionGuid = {42CBFA11-D0A9-4A8C-A820-4EB98C5686E2}
	EndGlobalSection
EndGlobal
