
Microsoft Visual Studio Solution File, Format Version 12.00
# Visual Studio Version 16
VisualStudioVersion = 16.0.30907.101
MinimumVisualStudioVersion = 10.0.40219.1
Project("{FAE04EC0-301F-11D3-BF4B-00C04F79EFBC}") = "BinaryFiles", "BinaryFiles.csproj", "{DE3148CD-C29C-4C8C-A9B3-4A0901DE5386}"
EndProject
Global
	GlobalSection(SolutionConfigurationPlatforms) = preSolution
		Debug|Any CPU = Debug|Any CPU
		Release|Any CPU = Release|Any CPU
	EndGlobalSection
	GlobalSection(ProjectConfigurationPlatforms) = postSolution
		{DE3148CD-C29C-4C8C-A9B3-4A0901DE5386}.Debug|Any CPU.ActiveCfg = Debug|Any CPU
		{DE3148CD-C29C-4C8C-A9B3-4A0901DE5386}.Debug|Any CPU.Build.0 = Debug|Any CPU
		{DE3148CD-C29C-4C8C-A9B3-4A0901DE5386}.Release|Any CPU.ActiveCfg = Release|Any CPU
		{DE3148CD-C29C-4C8C-A9B3-4A0901DE5386}.Release|Any CPU.Build.0 = Release|Any CPU
	EndGlobalSection
	GlobalSection(SolutionProperties) = preSolution
		HideSolutionNode = FALSE
	EndGlobalSection
	GlobalSection(ExtensibilityGlobals) = postSolution
		SolutionGuid = {266C7E5E-5826-4F9A-A978-63805C980A2D}
	EndGlobalSection
EndGlobal
